
Microsoft Visual Studio Solution File, Format Version 12.00
# Visual Studio Version 17
VisualStudioVersion = 17.4.33213.308
MinimumVisualStudioVersion = 10.0.40219.1
Project("{FAE04EC0-301F-11D3-BF4B-00C04F79EFBC}") = "FreestylerRemote", "FreestylerRemote\FreestylerRemote.csproj", "{E8566BF3-AEFC-45F4-91EB-D1314DDF4B7A}"
EndProject
Project("{930C7802-8A8C-48F9-8165-68863BCCD9DD}") = "Install", "Install\Install.wixproj", "{497E0046-D50B-4A97-86C7-0A98F2328D94}"
	ProjectSection(ProjectDependencies) = postProject
		{E8566BF3-AEFC-45F4-91EB-D1314DDF4B7A} = {E8566BF3-AEFC-45F4-91EB-D1314DDF4B7A}
	EndProjectSection
EndProject
Global
	GlobalSection(SolutionConfigurationPlatforms) = preSolution
		Debug|Any CPU = Debug|Any CPU
		Debug|x86 = Debug|x86
		Release|Any CPU = Release|Any CPU
		Release|x86 = Release|x86
	EndGlobalSection
	GlobalSection(ProjectConfigurationPlatforms) = postSolution
		{E8566BF3-AEFC-45F4-91EB-D1314DDF4B7A}.Debug|Any CPU.ActiveCfg = Debug|Any CPU
		{E8566BF3-AEFC-45F4-91EB-D1314DDF4B7A}.Debug|Any CPU.Build.0 = Debug|Any CPU
		{E8566BF3-AEFC-45F4-91EB-D1314DDF4B7A}.Debug|x86.ActiveCfg = Debug|Any CPU
		{E8566BF3-AEFC-45F4-91EB-D1314DDF4B7A}.Debug|x86.Build.0 = Debug|Any CPU
		{E8566BF3-AEFC-45F4-91EB-D1314DDF4B7A}.Release|Any CPU.ActiveCfg = Release|Any CPU
		{E8566BF3-AEFC-45F4-91EB-D1314DDF4B7A}.Release|Any CPU.Build.0 = Release|Any CPU
		{E8566BF3-AEFC-45F4-91EB-D1314DDF4B7A}.Release|x86.ActiveCfg = Release|Any CPU
		{E8566BF3-AEFC-45F4-91EB-D1314DDF4B7A}.Release|x86.Build.0 = Release|Any CPU
		{497E0046-D50B-4A97-86C7-0A98F2328D94}.Debug|Any CPU.ActiveCfg = Debug|x86
		{497E0046-D50B-4A97-86C7-0A98F2328D94}.Debug|Any CPU.Build.0 = Debug|x86
		{497E0046-D50B-4A97-86C7-0A98F2328D94}.Debug|x86.ActiveCfg = Debug|x86
		{497E0046-D50B-4A97-86C7-0A98F2328D94}.Debug|x86.Build.0 = Debug|x86
		{497E0046-D50B-4A97-86C7-0A98F2328D94}.Release|Any CPU.ActiveCfg = Release|x86
		{497E0046-D50B-4A97-86C7-0A98F2328D94}.Release|Any CPU.Build.0 = Release|x86
		{497E0046-D50B-4A97-86C7-0A98F2328D94}.Release|x86.ActiveCfg = Release|x86
		{497E0046-D50B-4A97-86C7-0A98F2328D94}.Release|x86.Build.0 = Release|x86
	EndGlobalSection
	GlobalSection(SolutionProperties) = preSolution
		HideSolutionNode = FALSE
	EndGlobalSection
	GlobalSection(ExtensibilityGlobals) = postSolution
		SolutionGuid = {D119B128-1309-432E-9E00-7698B4DD8755}
	EndGlobalSection
EndGlobal
